
Microsoft Visual Studio Solution File, Format Version 12.00
Project("{FAE04EC0-301F-11D3-BF4B-00C04F79EFBC}") = "Offertgranskning.API", "src\Offertgranskning.API\Offertgranskning.API.csproj", "{EF6645E5-A0BF-4400-8B46-7DCA674A8350}"
EndProject
Project("{FAE04EC0-301F-11D3-BF4B-00C04F79EFBC}") = "Offertgranskning.UnitTests", "tests\Offertgranskning.UnitTests\Offertgranskning.UnitTests.csproj", "{526437A0-FB21-4DC8-8A4E-273707DD05E3}"
EndProject
Project("{FAE04EC0-301F-11D3-BF4B-00C04F79EFBC}") = "Offertgranskning.IntegrationTests", "tests\Offertgranskning.IntegrationTests\Offertgranskning.IntegrationTests.csproj", "{87B986A8-08B8-4DA2-B5EA-802DF44A6474}"
EndProject
Project("{2150E333-8FDC-42A3-9474-1A3956D46DE8}") = "Aspire", "Aspire", "{F0F2B1A1-FB74-49A1-A445-35BB688B8261}"
EndProject
Project("{FAE04EC0-301F-11D3-BF4B-00C04F79EFBC}") = "Offertgranskning.AppHost", "src\Offertgranskning.AppHost\Offertgranskning.AppHost.csproj", "{0D201837-669D-45E8-8360-BD2B362541B0}"
EndProject
Project("{FAE04EC0-301F-11D3-BF4B-00C04F79EFBC}") = "Offertgranskning.ServiceDefaults", "src\Offertgranskning.ServiceDefaults\Offertgranskning.ServiceDefaults.csproj", "{01C946F3-0760-4097-8FE6-5990135639F8}"
EndProject
Project("{2150E333-8FDC-42A3-9474-1A3956D46DE8}") = "Tests", "Tests", "{B6D0DD6E-C667-45BE-8F80-01CB2AF161EA}"
EndProject
Global
	GlobalSection(SolutionConfigurationPlatforms) = preSolution
		Debug|Any CPU = Debug|Any CPU
		Release|Any CPU = Release|Any CPU
	EndGlobalSection
	GlobalSection(ProjectConfigurationPlatforms) = postSolution
		{13FC774E-E076-4597-A628-7925C316B40B}.Debug|Any CPU.ActiveCfg = Debug|Any CPU
		{13FC774E-E076-4597-A628-7925C316B40B}.Debug|Any CPU.Build.0 = Debug|Any CPU
		{13FC774E-E076-4597-A628-7925C316B40B}.Release|Any CPU.ActiveCfg = Release|Any CPU
		{13FC774E-E076-4597-A628-7925C316B40B}.Release|Any CPU.Build.0 = Release|Any CPU
		{EF6645E5-A0BF-4400-8B46-7DCA674A8350}.Debug|Any CPU.ActiveCfg = Debug|Any CPU
		{EF6645E5-A0BF-4400-8B46-7DCA674A8350}.Debug|Any CPU.Build.0 = Debug|Any CPU
		{EF6645E5-A0BF-4400-8B46-7DCA674A8350}.Release|Any CPU.ActiveCfg = Release|Any CPU
		{EF6645E5-A0BF-4400-8B46-7DCA674A8350}.Release|Any CPU.Build.0 = Release|Any CPU
		{526437A0-FB21-4DC8-8A4E-273707DD05E3}.Debug|Any CPU.ActiveCfg = Debug|Any CPU
		{526437A0-FB21-4DC8-8A4E-273707DD05E3}.Debug|Any CPU.Build.0 = Debug|Any CPU
		{526437A0-FB21-4DC8-8A4E-273707DD05E3}.Release|Any CPU.ActiveCfg = Release|Any CPU
		{526437A0-FB21-4DC8-8A4E-273707DD05E3}.Release|Any CPU.Build.0 = Release|Any CPU
		{87B986A8-08B8-4DA2-B5EA-802DF44A6474}.Debug|Any CPU.ActiveCfg = Debug|Any CPU
		{87B986A8-08B8-4DA2-B5EA-802DF44A6474}.Debug|Any CPU.Build.0 = Debug|Any CPU
		{87B986A8-08B8-4DA2-B5EA-802DF44A6474}.Release|Any CPU.ActiveCfg = Release|Any CPU
		{87B986A8-08B8-4DA2-B5EA-802DF44A6474}.Release|Any CPU.Build.0 = Release|Any CPU
		{0D201837-669D-45E8-8360-BD2B362541B0}.Debug|Any CPU.ActiveCfg = Debug|Any CPU
		{0D201837-669D-45E8-8360-BD2B362541B0}.Debug|Any CPU.Build.0 = Debug|Any CPU
		{0D201837-669D-45E8-8360-BD2B362541B0}.Release|Any CPU.ActiveCfg = Release|Any CPU
		{0D201837-669D-45E8-8360-BD2B362541B0}.Release|Any CPU.Build.0 = Release|Any CPU
		{01C946F3-0760-4097-8FE6-5990135639F8}.Debug|Any CPU.ActiveCfg = Debug|Any CPU
		{01C946F3-0760-4097-8FE6-5990135639F8}.Debug|Any CPU.Build.0 = Debug|Any CPU
		{01C946F3-0760-4097-8FE6-5990135639F8}.Release|Any CPU.ActiveCfg = Release|Any CPU
		{01C946F3-0760-4097-8FE6-5990135639F8}.Release|Any CPU.Build.0 = Release|Any CPU
	EndGlobalSection
	GlobalSection(NestedProjects) = preSolution
		{0D201837-669D-45E8-8360-BD2B362541B0} = {F0F2B1A1-FB74-49A1-A445-35BB688B8261}
		{01C946F3-0760-4097-8FE6-5990135639F8} = {F0F2B1A1-FB74-49A1-A445-35BB688B8261}
		{87B986A8-08B8-4DA2-B5EA-802DF44A6474} = {B6D0DD6E-C667-45BE-8F80-01CB2AF161EA}
		{526437A0-FB21-4DC8-8A4E-273707DD05E3} = {B6D0DD6E-C667-45BE-8F80-01CB2AF161EA}
	EndGlobalSection
EndGlobal
